// !$*UTF8*$!
{
	archiveVersion = 1;
	classes = {
	};
	objectVersion = 46;
	objects = {

/* Begin PBXGroup section */
		C91A8B7E1CCEB8EE00500137 = {
			isa = PBXGroup;
			children = (
			);
			sourceTree = "<group>";
		};
/* End PBXGroup section */

/* Begin PBXProject section */
		C91A8B7F1CCEB8EE00500137 /* Project object */ = {
			isa = PBXProject;
			attributes = {
				LastUpgradeCheck = 0730;
			};
			buildConfigurationList = C91A8B821CCEB8EE00500137 /* Build configuration list for PBXProject "Bold Vision" */;
			compatibilityVersion = "Xcode 3.2";
			developmentRegion = English;
			hasScannedForEncodings = 0;
			knownRegions = (
				en,
			);
			mainGroup = C91A8B7E1CCEB8EE00500137;
			projectDirPath = "";
			projectRoot = "";
			targets = (
			);
		};
/* End PBXProject section */

/* Begin XCBuildConfiguration section */
		C91A8B831CCEB8EE00500137 /* Debug */ = {
			isa = XCBuildConfiguration;
			buildSettings = {
			};
			name = Debug;
		};
		C91A8B841CCEB8EE00500137 /* Release */ = {
			isa = XCBuildConfiguration;
			buildSettings = {
			};
			name = Release;
		};
/* End XCBuildConfiguration section */

/* Begin XCConfigurationList section */
		C91A8B821CCEB8EE00500137 /* Build configuration list for PBXProject "Bold Vision" */ = {
			isa = XCConfigurationList;
			buildConfigurations = (
				C91A8B831CCEB8EE00500137 /* Debug */,
				C91A8B841CCEB8EE00500137 /* Release */,
			);
			defaultConfigurationIsVisible = 0;
			defaultConfigurationName = Release;
		};
/* End XCConfigurationList section */
	};
	rootObject = C91A8B7F1CCEB8EE00500137 /* Project object */;
}
